
Microsoft Visual Studio Solution File, Format Version 12.00
Project("{2150E333-8FDC-42A3-9474-1A3956D46DE8}") = "src", "src", "{8213BAC5-D374-486D-8246-94AF17784898}"
EndProject
Project("{FAE04EC0-301F-11D3-BF4B-00C04F79EFBC}") = "CleanArchitecture.Domain", "src\CleanArchitecture.Domain\CleanArchitecture.Domain.csproj", "{36ED620E-D63F-4172-BBE3-4FC603C8E9E2}"
EndProject
Project("{FAE04EC0-301F-11D3-BF4B-00C04F79EFBC}") = "CleanArchitecture.Application", "src\CleanArchitecture.Application\CleanArchitecture.Application.csproj", "{7A31FD59-8681-4370-92DB-85EAB6088FE4}"
EndProject
Project("{FAE04EC0-301F-11D3-BF4B-00C04F79EFBC}") = "CleanArchitecture.Infrastructure", "src\CleanArchitecture.Infrastructure\CleanArchitecture.Infrastructure.csproj", "{7BFD0EDD-D04C-4FD7-BF1C-61925264C900}"
EndProject
Project("{FAE04EC0-301F-11D3-BF4B-00C04F79EFBC}") = "CleanArchitecture.WebApi", "src\CleanArchitecture.WebApi\CleanArchitecture.WebApi.csproj", "{1D2724E4-9118-44BC-8683-CC2EE21FC964}"
EndProject
Project("{FAE04EC0-301F-11D3-BF4B-00C04F79EFBC}") = "CleanArchitecture.Shared", "src\CleanArchitecture.Shared\CleanArchitecture.Shared.csproj", "{EA49DF5A-D256-414A-8672-EDF0FCE9565B}"
EndProject
Project("{2150E333-8FDC-42A3-9474-1A3956D46DE8}") = "Solution Items", "Solution Items", "{47F9AE0A-A407-4995-BE7B-AB34B7177756}"
	ProjectSection(SolutionItems) = preProject
		docker-compose.yaml = docker-compose.yaml
		docker-compose.prod.yaml = docker-compose.prod.yaml
	EndProjectSection
EndProject
Project("{2150E333-8FDC-42A3-9474-1A3956D46DE8}") = "tests", "tests", "{14FAC3A9-913C-4987-9908-E5743D488285}"
EndProject
Project("{FAE04EC0-301F-11D3-BF4B-00C04F79EFBC}") = "CleanArchitecture.Domain.UnitTests", "tests\CleanArchitecture.Domain.UnitTests\CleanArchitecture.Domain.UnitTests.csproj", "{62F23EA1-ABD3-4B38-93EF-F62BC555E22C}"
EndProject
Project("{FAE04EC0-301F-11D3-BF4B-00C04F79EFBC}") = "CleanArchitecture.Application.UnitTests", "tests\CleanArchitecture.Application.UnitTests\CleanArchitecture.Application.UnitTests.csproj", "{BE90E0A7-681B-489F-AAFD-5A737747A174}"
EndProject
Project("{FAE04EC0-301F-11D3-BF4B-00C04F79EFBC}") = "CleanArchitecture.Architecture.Tests", "tests\CleanArchitecture.Architecture.Tests\CleanArchitecture.Architecture.Tests.csproj", "{130EB44F-5DC4-4EB4-9D65-3ED51FD0939A}"
EndProject
Project("{FAE04EC0-301F-11D3-BF4B-00C04F79EFBC}") = "CleanArchitecture.Integration.Tests", "tests\CleanArchitecture.Integration.Tests\CleanArchitecture.Integration.Tests.csproj", "{098781E0-8BF4-412C-A862-EC950EB84553}"
EndProject
Project("{FAE04EC0-301F-11D3-BF4B-00C04F79EFBC}") = "CleanArchitecture.WebApi.UnitTests", "tests\CleanArchitecture.WebApi.UnitTests\CleanArchitecture.WebApi.UnitTests.csproj", "{B7682213-3BB6-43CB-995B-F571303DFF45}"
EndProject
Global
	GlobalSection(SolutionConfigurationPlatforms) = preSolution
		Debug|Any CPU = Debug|Any CPU
		Debug|x64 = Debug|x64
		Debug|x86 = Debug|x86
		Release|Any CPU = Release|Any CPU
		Release|x64 = Release|x64
		Release|x86 = Release|x86
	EndGlobalSection
	GlobalSection(ProjectConfigurationPlatforms) = postSolution
		{36ED620E-D63F-4172-BBE3-4FC603C8E9E2}.Debug|Any CPU.ActiveCfg = Debug|Any CPU
		{36ED620E-D63F-4172-BBE3-4FC603C8E9E2}.Debug|Any CPU.Build.0 = Debug|Any CPU
		{36ED620E-D63F-4172-BBE3-4FC603C8E9E2}.Debug|x64.ActiveCfg = Debug|Any CPU
		{36ED620E-D63F-4172-BBE3-4FC603C8E9E2}.Debug|x64.Build.0 = Debug|Any CPU
		{36ED620E-D63F-4172-BBE3-4FC603C8E9E2}.Debug|x86.ActiveCfg = Debug|Any CPU
		{36ED620E-D63F-4172-BBE3-4FC603C8E9E2}.Debug|x86.Build.0 = Debug|Any CPU
		{36ED620E-D63F-4172-BBE3-4FC603C8E9E2}.Release|Any CPU.ActiveCfg = Release|Any CPU
		{36ED620E-D63F-4172-BBE3-4FC603C8E9E2}.Release|Any CPU.Build.0 = Release|Any CPU
		{36ED620E-D63F-4172-BBE3-4FC603C8E9E2}.Release|x64.ActiveCfg = Release|Any CPU
		{36ED620E-D63F-4172-BBE3-4FC603C8E9E2}.Release|x64.Build.0 = Release|Any CPU
		{36ED620E-D63F-4172-BBE3-4FC603C8E9E2}.Release|x86.ActiveCfg = Release|Any CPU
		{36ED620E-D63F-4172-BBE3-4FC603C8E9E2}.Release|x86.Build.0 = Release|Any CPU
		{7A31FD59-8681-4370-92DB-85EAB6088FE4}.Debug|Any CPU.ActiveCfg = Debug|Any CPU
		{7A31FD59-8681-4370-92DB-85EAB6088FE4}.Debug|Any CPU.Build.0 = Debug|Any CPU
		{7A31FD59-8681-4370-92DB-85EAB6088FE4}.Debug|x64.ActiveCfg = Debug|Any CPU
		{7A31FD59-8681-4370-92DB-85EAB6088FE4}.Debug|x64.Build.0 = Debug|Any CPU
		{7A31FD59-8681-4370-92DB-85EAB6088FE4}.Debug|x86.ActiveCfg = Debug|Any CPU
		{7A31FD59-8681-4370-92DB-85EAB6088FE4}.Debug|x86.Build.0 = Debug|Any CPU
		{7A31FD59-8681-4370-92DB-85EAB6088FE4}.Release|Any CPU.ActiveCfg = Release|Any CPU
		{7A31FD59-8681-4370-92DB-85EAB6088FE4}.Release|Any CPU.Build.0 = Release|Any CPU
		{7A31FD59-8681-4370-92DB-85EAB6088FE4}.Release|x64.ActiveCfg = Release|Any CPU
		{7A31FD59-8681-4370-92DB-85EAB6088FE4}.Release|x64.Build.0 = Release|Any CPU
		{7A31FD59-8681-4370-92DB-85EAB6088FE4}.Release|x86.ActiveCfg = Release|Any CPU
		{7A31FD59-8681-4370-92DB-85EAB6088FE4}.Release|x86.Build.0 = Release|Any CPU
		{7BFD0EDD-D04C-4FD7-BF1C-61925264C900}.Debug|Any CPU.ActiveCfg = Debug|Any CPU
		{7BFD0EDD-D04C-4FD7-BF1C-61925264C900}.Debug|Any CPU.Build.0 = Debug|Any CPU
		{7BFD0EDD-D04C-4FD7-BF1C-61925264C900}.Debug|x64.ActiveCfg = Debug|Any CPU
		{7BFD0EDD-D04C-4FD7-BF1C-61925264C900}.Debug|x64.Build.0 = Debug|Any CPU
		{7BFD0EDD-D04C-4FD7-BF1C-61925264C900}.Debug|x86.ActiveCfg = Debug|Any CPU
		{7BFD0EDD-D04C-4FD7-BF1C-61925264C900}.Debug|x86.Build.0 = Debug|Any CPU
		{7BFD0EDD-D04C-4FD7-BF1C-61925264C900}.Release|Any CPU.ActiveCfg = Release|Any CPU
		{7BFD0EDD-D04C-4FD7-BF1C-61925264C900}.Release|Any CPU.Build.0 = Release|Any CPU
		{7BFD0EDD-D04C-4FD7-BF1C-61925264C900}.Release|x64.ActiveCfg = Release|Any CPU
		{7BFD0EDD-D04C-4FD7-BF1C-61925264C900}.Release|x64.Build.0 = Release|Any CPU
		{7BFD0EDD-D04C-4FD7-BF1C-61925264C900}.Release|x86.ActiveCfg = Release|Any CPU
		{7BFD0EDD-D04C-4FD7-BF1C-61925264C900}.Release|x86.Build.0 = Release|Any CPU
		{1D2724E4-9118-44BC-8683-CC2EE21FC964}.Debug|Any CPU.ActiveCfg = Debug|Any CPU
		{1D2724E4-9118-44BC-8683-CC2EE21FC964}.Debug|Any CPU.Build.0 = Debug|Any CPU
		{1D2724E4-9118-44BC-8683-CC2EE21FC964}.Debug|x64.ActiveCfg = Debug|Any CPU
		{1D2724E4-9118-44BC-8683-CC2EE21FC964}.Debug|x64.Build.0 = Debug|Any CPU
		{1D2724E4-9118-44BC-8683-CC2EE21FC964}.Debug|x86.ActiveCfg = Debug|Any CPU
		{1D2724E4-9118-44BC-8683-CC2EE21FC964}.Debug|x86.Build.0 = Debug|Any CPU
		{1D2724E4-9118-44BC-8683-CC2EE21FC964}.Release|Any CPU.ActiveCfg = Release|Any CPU
		{1D2724E4-9118-44BC-8683-CC2EE21FC964}.Release|Any CPU.Build.0 = Release|Any CPU
		{1D2724E4-9118-44BC-8683-CC2EE21FC964}.Release|x64.ActiveCfg = Release|Any CPU
		{1D2724E4-9118-44BC-8683-CC2EE21FC964}.Release|x64.Build.0 = Release|Any CPU
		{1D2724E4-9118-44BC-8683-CC2EE21FC964}.Release|x86.ActiveCfg = Release|Any CPU
		{1D2724E4-9118-44BC-8683-CC2EE21FC964}.Release|x86.Build.0 = Release|Any CPU
		{EA49DF5A-D256-414A-8672-EDF0FCE9565B}.Debug|Any CPU.ActiveCfg = Debug|Any CPU
		{EA49DF5A-D256-414A-8672-EDF0FCE9565B}.Debug|Any CPU.Build.0 = Debug|Any CPU
		{EA49DF5A-D256-414A-8672-EDF0FCE9565B}.Debug|x64.ActiveCfg = Debug|Any CPU
		{EA49DF5A-D256-414A-8672-EDF0FCE9565B}.Debug|x64.Build.0 = Debug|Any CPU
		{EA49DF5A-D256-414A-8672-EDF0FCE9565B}.Debug|x86.ActiveCfg = Debug|Any CPU
		{EA49DF5A-D256-414A-8672-EDF0FCE9565B}.Debug|x86.Build.0 = Debug|Any CPU
		{EA49DF5A-D256-414A-8672-EDF0FCE9565B}.Release|Any CPU.ActiveCfg = Release|Any CPU
		{EA49DF5A-D256-414A-8672-EDF0FCE9565B}.Release|Any CPU.Build.0 = Release|Any CPU
		{EA49DF5A-D256-414A-8672-EDF0FCE9565B}.Release|x64.ActiveCfg = Release|Any CPU
		{EA49DF5A-D256-414A-8672-EDF0FCE9565B}.Release|x64.Build.0 = Release|Any CPU
		{EA49DF5A-D256-414A-8672-EDF0FCE9565B}.Release|x86.ActiveCfg = Release|Any CPU
		{EA49DF5A-D256-414A-8672-EDF0FCE9565B}.Release|x86.Build.0 = Release|Any CPU
		{62F23EA1-ABD3-4B38-93EF-F62BC555E22C}.Debug|Any CPU.ActiveCfg = Debug|Any CPU
		{62F23EA1-ABD3-4B38-93EF-F62BC555E22C}.Debug|Any CPU.Build.0 = Debug|Any CPU
		{62F23EA1-ABD3-4B38-93EF-F62BC555E22C}.Debug|x64.ActiveCfg = Debug|Any CPU
		{62F23EA1-ABD3-4B38-93EF-F62BC555E22C}.Debug|x64.Build.0 = Debug|Any CPU
		{62F23EA1-ABD3-4B38-93EF-F62BC555E22C}.Debug|x86.ActiveCfg = Debug|Any CPU
		{62F23EA1-ABD3-4B38-93EF-F62BC555E22C}.Debug|x86.Build.0 = Debug|Any CPU
		{62F23EA1-ABD3-4B38-93EF-F62BC555E22C}.Release|Any CPU.ActiveCfg = Release|Any CPU
		{62F23EA1-ABD3-4B38-93EF-F62BC555E22C}.Release|Any CPU.Build.0 = Release|Any CPU
		{62F23EA1-ABD3-4B38-93EF-F62BC555E22C}.Release|x64.ActiveCfg = Release|Any CPU
		{62F23EA1-ABD3-4B38-93EF-F62BC555E22C}.Release|x64.Build.0 = Release|Any CPU
		{62F23EA1-ABD3-4B38-93EF-F62BC555E22C}.Release|x86.ActiveCfg = Release|Any CPU
		{62F23EA1-ABD3-4B38-93EF-F62BC555E22C}.Release|x86.Build.0 = Release|Any CPU
		{BE90E0A7-681B-489F-AAFD-5A737747A174}.Debug|Any CPU.ActiveCfg = Debug|Any CPU
		{BE90E0A7-681B-489F-AAFD-5A737747A174}.Debug|Any CPU.Build.0 = Debug|Any CPU
		{BE90E0A7-681B-489F-AAFD-5A737747A174}.Debug|x64.ActiveCfg = Debug|Any CPU
		{BE90E0A7-681B-489F-AAFD-5A737747A174}.Debug|x64.Build.0 = Debug|Any CPU
		{BE90E0A7-681B-489F-AAFD-5A737747A174}.Debug|x86.ActiveCfg = Debug|Any CPU
		{BE90E0A7-681B-489F-AAFD-5A737747A174}.Debug|x86.Build.0 = Debug|Any CPU
		{BE90E0A7-681B-489F-AAFD-5A737747A174}.Release|Any CPU.ActiveCfg = Release|Any CPU
		{BE90E0A7-681B-489F-AAFD-5A737747A174}.Release|Any CPU.Build.0 = Release|Any CPU
		{BE90E0A7-681B-489F-AAFD-5A737747A174}.Release|x64.ActiveCfg = Release|Any CPU
		{BE90E0A7-681B-489F-AAFD-5A737747A174}.Release|x64.Build.0 = Release|Any CPU
		{BE90E0A7-681B-489F-AAFD-5A737747A174}.Release|x86.ActiveCfg = Release|Any CPU
		{BE90E0A7-681B-489F-AAFD-5A737747A174}.Release|x86.Build.0 = Release|Any CPU
		{130EB44F-5DC4-4EB4-9D65-3ED51FD0939A}.Debug|Any CPU.ActiveCfg = Debug|Any CPU
		{130EB44F-5DC4-4EB4-9D65-3ED51FD0939A}.Debug|Any CPU.Build.0 = Debug|Any CPU
		{130EB44F-5DC4-4EB4-9D65-3ED51FD0939A}.Debug|x64.ActiveCfg = Debug|Any CPU
		{130EB44F-5DC4-4EB4-9D65-3ED51FD0939A}.Debug|x64.Build.0 = Debug|Any CPU
		{130EB44F-5DC4-4EB4-9D65-3ED51FD0939A}.Debug|x86.ActiveCfg = Debug|Any CPU
		{130EB44F-5DC4-4EB4-9D65-3ED51FD0939A}.Debug|x86.Build.0 = Debug|Any CPU
		{130EB44F-5DC4-4EB4-9D65-3ED51FD0939A}.Release|Any CPU.ActiveCfg = Release|Any CPU
		{130EB44F-5DC4-4EB4-9D65-3ED51FD0939A}.Release|Any CPU.Build.0 = Release|Any CPU
		{130EB44F-5DC4-4EB4-9D65-3ED51FD0939A}.Release|x64.ActiveCfg = Release|Any CPU
		{130EB44F-5DC4-4EB4-9D65-3ED51FD0939A}.Release|x64.Build.0 = Release|Any CPU
		{130EB44F-5DC4-4EB4-9D65-3ED51FD0939A}.Release|x86.ActiveCfg = Release|Any CPU
		{130EB44F-5DC4-4EB4-9D65-3ED51FD0939A}.Release|x86.Build.0 = Release|Any CPU
		{098781E0-8BF4-412C-A862-EC950EB84553}.Debug|Any CPU.ActiveCfg = Debug|Any CPU
		{098781E0-8BF4-412C-A862-EC950EB84553}.Debug|Any CPU.Build.0 = Debug|Any CPU
		{098781E0-8BF4-412C-A862-EC950EB84553}.Debug|x64.ActiveCfg = Debug|Any CPU
		{098781E0-8BF4-412C-A862-EC950EB84553}.Debug|x64.Build.0 = Debug|Any CPU
		{098781E0-8BF4-412C-A862-EC950EB84553}.Debug|x86.ActiveCfg = Debug|Any CPU
		{098781E0-8BF4-412C-A862-EC950EB84553}.Debug|x86.Build.0 = Debug|Any CPU
		{098781E0-8BF4-412C-A862-EC950EB84553}.Release|Any CPU.ActiveCfg = Release|Any CPU
		{098781E0-8BF4-412C-A862-EC950EB84553}.Release|Any CPU.Build.0 = Release|Any CPU
		{098781E0-8BF4-412C-A862-EC950EB84553}.Release|x64.ActiveCfg = Release|Any CPU
		{098781E0-8BF4-412C-A862-EC950EB84553}.Release|x64.Build.0 = Release|Any CPU
		{098781E0-8BF4-412C-A862-EC950EB84553}.Release|x86.ActiveCfg = Release|Any CPU
		{098781E0-8BF4-412C-A862-EC950EB84553}.Release|x86.Build.0 = Release|Any CPU
		{B7682213-3BB6-43CB-995B-F571303DFF45}.Debug|Any CPU.ActiveCfg = Debug|Any CPU
		{B7682213-3BB6-43CB-995B-F571303DFF45}.Debug|Any CPU.Build.0 = Debug|Any CPU
		{B7682213-3BB6-43CB-995B-F571303DFF45}.Debug|x64.ActiveCfg = Debug|Any CPU
		{B7682213-3BB6-43CB-995B-F571303DFF45}.Debug|x64.Build.0 = Debug|Any CPU
		{B7682213-3BB6-43CB-995B-F571303DFF45}.Debug|x86.ActiveCfg = Debug|Any CPU
		{B7682213-3BB6-43CB-995B-F571303DFF45}.Debug|x86.Build.0 = Debug|Any CPU
		{B7682213-3BB6-43CB-995B-F571303DFF45}.Release|Any CPU.ActiveCfg = Release|Any CPU
		{B7682213-3BB6-43CB-995B-F571303DFF45}.Release|Any CPU.Build.0 = Release|Any CPU
		{B7682213-3BB6-43CB-995B-F571303DFF45}.Release|x64.ActiveCfg = Release|Any CPU
		{B7682213-3BB6-43CB-995B-F571303DFF45}.Release|x64.Build.0 = Release|Any CPU
		{B7682213-3BB6-43CB-995B-F571303DFF45}.Release|x86.ActiveCfg = Release|Any CPU
		{B7682213-3BB6-43CB-995B-F571303DFF45}.Release|x86.Build.0 = Release|Any CPU
	EndGlobalSection
	GlobalSection(SolutionProperties) = preSolution
		HideSolutionNode = FALSE
	EndGlobalSection
	GlobalSection(NestedProjects) = preSolution
		{36ED620E-D63F-4172-BBE3-4FC603C8E9E2} = {8213BAC5-D374-486D-8246-94AF17784898}
		{7A31FD59-8681-4370-92DB-85EAB6088FE4} = {8213BAC5-D374-486D-8246-94AF17784898}
		{7BFD0EDD-D04C-4FD7-BF1C-61925264C900} = {8213BAC5-D374-486D-8246-94AF17784898}
		{1D2724E4-9118-44BC-8683-CC2EE21FC964} = {8213BAC5-D374-486D-8246-94AF17784898}
		{EA49DF5A-D256-414A-8672-EDF0FCE9565B} = {8213BAC5-D374-486D-8246-94AF17784898}
		{62F23EA1-ABD3-4B38-93EF-F62BC555E22C} = {14FAC3A9-913C-4987-9908-E5743D488285}
		{BE90E0A7-681B-489F-AAFD-5A737747A174} = {14FAC3A9-913C-4987-9908-E5743D488285}
		{130EB44F-5DC4-4EB4-9D65-3ED51FD0939A} = {14FAC3A9-913C-4987-9908-E5743D488285}
		{098781E0-8BF4-412C-A862-EC950EB84553} = {14FAC3A9-913C-4987-9908-E5743D488285}
		{B7682213-3BB6-43CB-995B-F571303DFF45} = {14FAC3A9-913C-4987-9908-E5743D488285}
	EndGlobalSection
EndGlobal
